// !$*UTF8*$!
{
	archiveVersion = 1;
	classes = {
	};
	objectVersion = 46;
	objects = {

/* Begin PBXBuildFile section */
		ACE6AA3C1AF45CB900D3F47A /* AppDelegate.swift in Sources */ = {isa = PBXBuildFile; fileRef = ACE6AA3B1AF45CB900D3F47A /* AppDelegate.swift */; };
		ACE6AA3E1AF45CB900D3F47A /* ViewController.swift in Sources */ = {isa = PBXBuildFile; fileRef = ACE6AA3D1AF45CB900D3F47A /* ViewController.swift */; };
		ACE6AA411AF45CB900D3F47A /* Main.storyboard in Resources */ = {isa = PBXBuildFile; fileRef = ACE6AA3F1AF45CB900D3F47A /* Main.storyboard */; };
		ACE6AA431AF45CB900D3F47A /* Images.xcassets in Resources */ = {isa = PBXBuildFile; fileRef = ACE6AA421AF45CB900D3F47A /* Images.xcassets */; };
		ACE6AA461AF45CB900D3F47A /* LaunchScreen.xib in Resources */ = {isa = PBXBuildFile; fileRef = ACE6AA441AF45CB900D3F47A /* LaunchScreen.xib */; };
		ACE6AA521AF45CBA00D3F47A /* PollrTests.swift in Sources */ = {isa = PBXBuildFile; fileRef = ACE6AA511AF45CBA00D3F47A /* PollrTests.swift */; };
/* End PBXBuildFile section */

/* Begin PBXContainerItemProxy section */
		ACE6AA4C1AF45CBA00D3F47A /* PBXContainerItemProxy */ = {
			isa = PBXContainerItemProxy;
			containerPortal = ACE6AA2E1AF45CB900D3F47A /* Project object */;
			proxyType = 1;
			remoteGlobalIDString = ACE6AA351AF45CB900D3F47A;
			remoteInfo = Pollr;
		};
/* End PBXContainerItemProxy section */

/* Begin PBXFileReference section */
		ACE6AA361AF45CB900D3F47A /* Pollr.app */ = {isa = PBXFileReference; explicitFileType = wrapper.application; includeInIndex = 0; path = Pollr.app; sourceTree = BUILT_PRODUCTS_DIR; };
		ACE6AA3A1AF45CB900D3F47A /* Info.plist */ = {isa = PBXFileReference; lastKnownFileType = text.plist.xml; path = Info.plist; sourceTree = "<group>"; };
		ACE6AA3B1AF45CB900D3F47A /* AppDelegate.swift */ = {isa = PBXFileReference; lastKnownFileType = sourcecode.swift; path = AppDelegate.swift; sourceTree = "<group>"; };
		ACE6AA3D1AF45CB900D3F47A /* ViewController.swift */ = {isa = PBXFileReference; lastKnownFileType = sourcecode.swift; path = ViewController.swift; sourceTree = "<group>"; };
		ACE6AA401AF45CB900D3F47A /* Base */ = {isa = PBXFileReference; lastKnownFileType = file.storyboard; name = Base; path = Base.lproj/Main.storyboard; sourceTree = "<group>"; };
		ACE6AA421AF45CB900D3F47A /* Images.xcassets */ = {isa = PBXFileReference; lastKnownFileType = folder.assetcatalog; path = Images.xcassets; sourceTree = "<group>"; };
		ACE6AA451AF45CB900D3F47A /* Base */ = {isa = PBXFileReference; lastKnownFileType = file.xib; name = Base; path = Base.lproj/LaunchScreen.xib; sourceTree = "<group>"; };
		ACE6AA4B1AF45CBA00D3F47A /* PollrTests.xctest */ = {isa = PBXFileReference; explicitFileType = wrapper.cfbundle; includeInIndex = 0; path = PollrTests.xctest; sourceTree = BUILT_PRODUCTS_DIR; };
		ACE6AA501AF45CBA00D3F47A /* Info.plist */ = {isa = PBXFileReference; lastKnownFileType = text.plist.xml; path = Info.plist; sourceTree = "<group>"; };
		ACE6AA511AF45CBA00D3F47A /* PollrTests.swift */ = {isa = PBXFileReference; lastKnownFileType = sourcecode.swift; path = PollrTests.swift; sourceTree = "<group>"; };
/* End PBXFileReference section */

/* Begin PBXFrameworksBuildPhase section */
		ACE6AA331AF45CB900D3F47A /* Frameworks */ = {
			isa = PBXFrameworksBuildPhase;
			buildActionMask = 2147483647;
			files = (
			);
			runOnlyForDeploymentPostprocessing = 0;
		};
		ACE6AA481AF45CBA00D3F47A /* Frameworks */ = {
			isa = PBXFrameworksBuildPhase;
			buildActionMask = 2147483647;
			files = (
			);
			runOnlyForDeploymentPostprocessing = 0;
		};
/* End PBXFrameworksBuildPhase section */

/* Begin PBXGroup section */
		ACE6AA2D1AF45CB900D3F47A = {
			isa = PBXGroup;
			children = (
				ACE6AA381AF45CB900D3F47A /* Pollr */,
				ACE6AA4E1AF45CBA00D3F47A /* PollrTests */,
				ACE6AA371AF45CB900D3F47A /* Products */,
			);
			sourceTree = "<group>";
		};
		ACE6AA371AF45CB900D3F47A /* Products */ = {
			isa = PBXGroup;
			children = (
				ACE6AA361AF45CB900D3F47A /* Pollr.app */,
				ACE6AA4B1AF45CBA00D3F47A /* PollrTests.xctest */,
			);
			name = Products;
			sourceTree = "<group>";
		};
		ACE6AA381AF45CB900D3F47A /* Pollr */ = {
			isa = PBXGroup;
			children = (
				ACE6AA3B1AF45CB900D3F47A /* AppDelegate.swift */,
				ACE6AA3D1AF45CB900D3F47A /* ViewController.swift */,
				ACE6AA3F1AF45CB900D3F47A /* Main.storyboard */,
				ACE6AA421AF45CB900D3F47A /* Images.xcassets */,
				ACE6AA441AF45CB900D3F47A /* LaunchScreen.xib */,
				ACE6AA391AF45CB900D3F47A /* Supporting Files */,
			);
			path = Pollr;
			sourceTree = "<group>";
		};
		ACE6AA391AF45CB900D3F47A /* Supporting Files */ = {
			isa = PBXGroup;
			children = (
				ACE6AA3A1AF45CB900D3F47A /* Info.plist */,
			);
			name = "Supporting Files";
			sourceTree = "<group>";
		};
		ACE6AA4E1AF45CBA00D3F47A /* PollrTests */ = {
			isa = PBXGroup;
			children = (
				ACE6AA511AF45CBA00D3F47A /* PollrTests.swift */,
				ACE6AA4F1AF45CBA00D3F47A /* Supporting Files */,
			);
			path = PollrTests;
			sourceTree = "<group>";
		};
		ACE6AA4F1AF45CBA00D3F47A /* Supporting Files */ = {
			isa = PBXGroup;
			children = (
				ACE6AA501AF45CBA00D3F47A /* Info.plist */,
			);
			name = "Supporting Files";
			sourceTree = "<group>";
		};
/* End PBXGroup section */

/* Begin PBXNativeTarget section */
		ACE6AA351AF45CB900D3F47A /* Pollr */ = {
			isa = PBXNativeTarget;
			buildConfigurationList = ACE6AA551AF45CBA00D3F47A /* Build configuration list for PBXNativeTarget "Pollr" */;
			buildPhases = (
				ACE6AA321AF45CB900D3F47A /* Sources */,
				ACE6AA331AF45CB900D3F47A /* Frameworks */,
				ACE6AA341AF45CB900D3F47A /* Resources */,
			);
			buildRules = (
			);
			dependencies = (
			);
			name = Pollr;
			productName = Pollr;
			productReference = ACE6AA361AF45CB900D3F47A /* Pollr.app */;
			productType = "com.apple.product-type.application";
		};
		ACE6AA4A1AF45CBA00D3F47A /* PollrTests */ = {
			isa = PBXNativeTarget;
			buildConfigurationList = ACE6AA581AF45CBA00D3F47A /* Build configuration list for PBXNativeTarget "PollrTests" */;
			buildPhases = (
				ACE6AA471AF45CBA00D3F47A /* Sources */,
				ACE6AA481AF45CBA00D3F47A /* Frameworks */,
				ACE6AA491AF45CBA00D3F47A /* Resources */,
			);
			buildRules = (
			);
			dependencies = (
				ACE6AA4D1AF45CBA00D3F47A /* PBXTargetDependency */,
			);
			name = PollrTests;
			productName = PollrTests;
			productReference = ACE6AA4B1AF45CBA00D3F47A /* PollrTests.xctest */;
			productType = "com.apple.product-type.bundle.unit-test";
		};
/* End PBXNativeTarget section */

/* Begin PBXProject section */
		ACE6AA2E1AF45CB900D3F47A /* Project object */ = {
			isa = PBXProject;
			attributes = {
				LastUpgradeCheck = 0630;
				ORGANIZATIONNAME = pigs;
				TargetAttributes = {
					ACE6AA351AF45CB900D3F47A = {
						CreatedOnToolsVersion = 6.3;
					};
					ACE6AA4A1AF45CBA00D3F47A = {
						CreatedOnToolsVersion = 6.3;
						TestTargetID = ACE6AA351AF45CB900D3F47A;
					};
				};
			};
			buildConfigurationList = ACE6AA311AF45CB900D3F47A /* Build configuration list for PBXProject "Pollr" */;
			compatibilityVersion = "Xcode 3.2";
			developmentRegion = English;
			hasScannedForEncodings = 0;
			knownRegions = (
				en,
				Base,
			);
			mainGroup = ACE6AA2D1AF45CB900D3F47A;
			productRefGroup = ACE6AA371AF45CB900D3F47A /* Products */;
			projectDirPath = "";
			projectRoot = "";
			targets = (
				ACE6AA351AF45CB900D3F47A /* Pollr */,
				ACE6AA4A1AF45CBA00D3F47A /* PollrTests */,
			);
		};
/* End PBXProject section */

/* Begin PBXResourcesBuildPhase section */
		ACE6AA341AF45CB900D3F47A /* Resources */ = {
			isa = PBXResourcesBuildPhase;
			buildActionMask = 2147483647;
			files = (
				ACE6AA411AF45CB900D3F47A /* Main.storyboard in Resources */,
				ACE6AA461AF45CB900D3F47A /* LaunchScreen.xib in Resources */,
				ACE6AA431AF45CB900D3F47A /* Images.xcassets in Resources */,
			);
			runOnlyForDeploymentPostprocessing = 0;
		};
		ACE6AA491AF45CBA00D3F47A /* Resources */ = {
			isa = PBXResourcesBuildPhase;
			buildActionMask = 2147483647;
			files = (
			);
			runOnlyForDeploymentPostprocessing = 0;
		};
/* End PBXResourcesBuildPhase section */

/* Begin PBXSourcesBuildPhase section */
		ACE6AA321AF45CB900D3F47A /* Sources */ = {
			isa = PBXSourcesBuildPhase;
			buildActionMask = 2147483647;
			files = (
				ACE6AA3E1AF45CB900D3F47A /* ViewController.swift in Sources */,
				ACE6AA3C1AF45CB900D3F47A /* AppDelegate.swift in Sources */,
			);
			runOnlyForDeploymentPostprocessing = 0;
		};
		ACE6AA471AF45CBA00D3F47A /* Sources */ = {
			isa = PBXSourcesBuildPhase;
			buildActionMask = 2147483647;
			files = (
				ACE6AA521AF45CBA00D3F47A /* PollrTests.swift in Sources */,
			);
			runOnlyForDeploymentPostprocessing = 0;
		};
/* End PBXSourcesBuildPhase section */

/* Begin PBXTargetDependency section */
		ACE6AA4D1AF45CBA00D3F47A /* PBXTargetDependency */ = {
			isa = PBXTargetDependency;
			target = ACE6AA351AF45CB900D3F47A /* Pollr */;
			targetProxy = ACE6AA4C1AF45CBA00D3F47A /* PBXContainerItemProxy */;
		};
/* End PBXTargetDependency section */

/* Begin PBXVariantGroup section */
		ACE6AA3F1AF45CB900D3F47A /* Main.storyboard */ = {
			isa = PBXVariantGroup;
			children = (
				ACE6AA401AF45CB900D3F47A /* Base */,
			);
			name = Main.storyboard;
			sourceTree = "<group>";
		};
		ACE6AA441AF45CB900D3F47A /* LaunchScreen.xib */ = {
			isa = PBXVariantGroup;
			children = (
				ACE6AA451AF45CB900D3F47A /* Base */,
			);
			name = LaunchScreen.xib;
			sourceTree = "<group>";
		};
/* End PBXVariantGroup section */

/* Begin XCBuildConfiguration section */
		ACE6AA531AF45CBA00D3F47A /* Debug */ = {
			isa = XCBuildConfiguration;
			buildSettings = {
				ALWAYS_SEARCH_USER_PATHS = NO;
				CLANG_CXX_LANGUAGE_STANDARD = "gnu++0x";
				CLANG_CXX_LIBRARY = "libc++";
				CLANG_ENABLE_MODULES = YES;
				CLANG_ENABLE_OBJC_ARC = YES;
				CLANG_WARN_BOOL_CONVERSION = YES;
				CLANG_WARN_CONSTANT_CONVERSION = YES;
				CLANG_WARN_DIRECT_OBJC_ISA_USAGE = YES_ERROR;
				CLANG_WARN_EMPTY_BODY = YES;
				CLANG_WARN_ENUM_CONVERSION = YES;
				CLANG_WARN_INT_CONVERSION = YES;
				CLANG_WARN_OBJC_ROOT_CLASS = YES_ERROR;
				CLANG_WARN_UNREACHABLE_CODE = YES;
				CLANG_WARN__DUPLICATE_METHOD_MATCH = YES;
				"CODE_SIGN_IDENTITY[sdk=iphoneos*]" = "iPhone Developer";
				COPY_PHASE_STRIP = NO;
				DEBUG_INFORMATION_FORMAT = "dwarf-with-dsym";
				ENABLE_STRICT_OBJC_MSGSEND = YES;
				GCC_C_LANGUAGE_STANDARD = gnu99;
				GCC_DYNAMIC_NO_PIC = NO;
				GCC_NO_COMMON_BLOCKS = YES;
				GCC_OPTIMIZATION_LEVEL = 0;
				GCC_PREPROCESSOR_DEFINITIONS = (
					"DEBUG=1",
					"$(inherited)",
				);
				GCC_SYMBOLS_PRIVATE_EXTERN = NO;
				GCC_WARN_64_TO_32_BIT_CONVERSION = YES;
				GCC_WARN_ABOUT_RETURN_TYPE = YES_ERROR;
				GCC_WARN_UNDECLARED_SELECTOR = YES;
				GCC_WARN_UNINITIALIZED_AUTOS = YES_AGGRESSIVE;
				GCC_WARN_UNUSED_FUNCTION = YES;
				GCC_WARN_UNUSED_VARIABLE = YES;
				IPHONEOS_DEPLOYMENT_TARGET = 8.3;
				MTL_ENABLE_DEBUG_INFO = YES;
				ONLY_ACTIVE_ARCH = YES;
				SDKROOT = iphoneos;
				SWIFT_OPTIMIZATION_LEVEL = "-Onone";
			};
			name = Debug;
		};
		ACE6AA541AF45CBA00D3F47A /* Release */ = {
			isa = XCBuildConfiguration;
			buildSettings = {
				ALWAYS_SEARCH_USER_PATHS = NO;
				CLANG_CXX_LANGUAGE_STANDARD = "gnu++0x";
				CLANG_CXX_LIBRARY = "libc++";
				CLANG_ENABLE_MODULES = YES;
				CLANG_ENABLE_OBJC_ARC = YES;
				CLANG_WARN_BOOL_CONVERSION = YES;
				CLANG_WARN_CONSTANT_CONVERSION = YES;
				CLANG_WARN_DIRECT_OBJC_ISA_USAGE = YES_ERROR;
				CLANG_WARN_EMPTY_BODY = YES;
				CLANG_WARN_ENUM_CONVERSION = YES;
				CLANG_WARN_INT_CONVERSION = YES;
				CLANG_WARN_OBJC_ROOT_CLASS = YES_ERROR;
				CLANG_WARN_UNREACHABLE_CODE = YES;
				CLANG_WARN__DUPLICATE_METHOD_MATCH = YES;
				"CODE_SIGN_IDENTITY[sdk=iphoneos*]" = "iPhone Developer";
				COPY_PHASE_STRIP = NO;
				DEBUG_INFORMATION_FORMAT = "dwarf-with-dsym";
				ENABLE_NS_ASSERTIONS = NO;
				ENABLE_STRICT_OBJC_MSGSEND = YES;
				GCC_C_LANGUAGE_STANDARD = gnu99;
				GCC_NO_COMMON_BLOCKS = YES;
				GCC_WARN_64_TO_32_BIT_CONVERSION = YES;
				GCC_WARN_ABOUT_RETURN_TYPE = YES_ERROR;
				GCC_WARN_UNDECLARED_SELECTOR = YES;
				GCC_WARN_UNINITIALIZED_AUTOS = YES_AGGRESSIVE;
				GCC_WARN_UNUSED_FUNCTION = YES;
				GCC_WARN_UNUSED_VARIABLE = YES;
				IPHONEOS_DEPLOYMENT_TARGET = 8.3;
				MTL_ENABLE_DEBUG_INFO = NO;
				SDKROOT = iphoneos;
				VALIDATE_PRODUCT = YES;
			};
			name = Release;
		};
		ACE6AA561AF45CBA00D3F47A /* Debug */ = {
			isa = XCBuildConfiguration;
			buildSettings = {
				ASSETCATALOG_COMPILER_APPICON_NAME = AppIcon;
				INFOPLIST_FILE = Pollr/Info.plist;
				LD_RUNPATH_SEARCH_PATHS = "$(inherited) @executable_path/Frameworks";
				PRODUCT_NAME = "$(TARGET_NAME)";
			};
			name = Debug;
		};
		ACE6AA571AF45CBA00D3F47A /* Release */ = {
			isa = XCBuildConfiguration;
			buildSettings = {
				ASSETCATALOG_COMPILER_APPICON_NAME = AppIcon;
				INFOPLIST_FILE = Pollr/Info.plist;
				LD_RUNPATH_SEARCH_PATHS = "$(inherited) @executable_path/Frameworks";
				PRODUCT_NAME = "$(TARGET_NAME)";
			};
			name = Release;
		};
		ACE6AA591AF45CBA00D3F47A /* Debug */ = {
			isa = XCBuildConfiguration;
			buildSettings = {
				BUNDLE_LOADER = "$(TEST_HOST)";
				FRAMEWORK_SEARCH_PATHS = (
					"$(SDKROOT)/Developer/Library/Frameworks",
					"$(inherited)",
				);
				GCC_PREPROCESSOR_DEFINITIONS = (
					"DEBUG=1",
					"$(inherited)",
				);
				INFOPLIST_FILE = PollrTests/Info.plist;
				LD_RUNPATH_SEARCH_PATHS = "$(inherited) @executable_path/Frameworks @loader_path/Frameworks";
				PRODUCT_NAME = "$(TARGET_NAME)";
				TEST_HOST = "$(BUILT_PRODUCTS_DIR)/Pollr.app/Pollr";
			};
			name = Debug;
		};
		ACE6AA5A1AF45CBA00D3F47A /* Release */ = {
			isa = XCBuildConfiguration;
			buildSettings = {
				BUNDLE_LOADER = "$(TEST_HOST)";
				FRAMEWORK_SEARCH_PATHS = (
					"$(SDKROOT)/Developer/Library/Frameworks",
					"$(inherited)",
				);
				INFOPLIST_FILE = PollrTests/Info.plist;
				LD_RUNPATH_SEARCH_PATHS = "$(inherited) @executable_path/Frameworks @loader_path/Frameworks";
				PRODUCT_NAME = "$(TARGET_NAME)";
				TEST_HOST = "$(BUILT_PRODUCTS_DIR)/Pollr.app/Pollr";
			};
			name = Release;
		};
/* End XCBuildConfiguration section */

/* Begin XCConfigurationList section */
		ACE6AA311AF45CB900D3F47A /* Build configuration list for PBXProject "Pollr" */ = {
			isa = XCConfigurationList;
			buildConfigurations = (
				ACE6AA531AF45CBA00D3F47A /* Debug */,
				ACE6AA541AF45CBA00D3F47A /* Release */,
			);
			defaultConfigurationIsVisible = 0;
			defaultConfigurationName = Release;
		};
		ACE6AA551AF45CBA00D3F47A /* Build configuration list for PBXNativeTarget "Pollr" */ = {
			isa = XCConfigurationList;
			buildConfigurations = (
				ACE6AA561AF45CBA00D3F47A /* Debug */,
				ACE6AA571AF45CBA00D3F47A /* Release */,
			);
			defaultConfigurationIsVisible = 0;
		};
		ACE6AA581AF45CBA00D3F47A /* Build configuration list for PBXNativeTarget "PollrTests" */ = {
			isa = XCConfigurationList;
			buildConfigurations = (
				ACE6AA591AF45CBA00D3F47A /* Debug */,
				ACE6AA5A1AF45CBA00D3F47A /* Release */,
			);
			defaultConfigurationIsVisible = 0;
		};
/* End XCConfigurationList section */
	};
	rootObject = ACE6AA2E1AF45CB900D3F47A /* Project object */;
}
